
Microsoft Visual Studio Solution File, Format Version 12.00
# Visual Studio 15
VisualStudioVersion = 15.0.28010.2026
MinimumVisualStudioVersion = 10.0.40219.1
Project("{2150E333-8FDC-42A3-9474-1A3956D46DE8}") = "Registration", "Registration", "{D3D4522D-D179-447F-A6C0-0CB6954EB151}"
EndProject
Project("{FAE04EC0-301F-11D3-BF4B-00C04F79EFBC}") = "Races.Registration", "Registration\Races.Registration\Races.Registration.csproj", "{A80D064D-4723-44A7-BCB6-E69886EA80C7}"
EndProject
Project("{E53339B2-1760-4266-BCC7-CA923CBCF16C}") = "docker-compose", "docker-compose.dcproj", "{2EAA4DD4-1B99-4894-AEFC-78CC470A20AD}"
EndProject
Global
	GlobalSection(SolutionConfigurationPlatforms) = preSolution
		Debug|Any CPU = Debug|Any CPU
		Release|Any CPU = Release|Any CPU
	EndGlobalSection
	GlobalSection(ProjectConfigurationPlatforms) = postSolution
		{A80D064D-4723-44A7-BCB6-E69886EA80C7}.Debug|Any CPU.ActiveCfg = Debug|Any CPU
		{A80D064D-4723-44A7-BCB6-E69886EA80C7}.Debug|Any CPU.Build.0 = Debug|Any CPU
		{A80D064D-4723-44A7-BCB6-E69886EA80C7}.Release|Any CPU.ActiveCfg = Release|Any CPU
		{A80D064D-4723-44A7-BCB6-E69886EA80C7}.Release|Any CPU.Build.0 = Release|Any CPU
		{2EAA4DD4-1B99-4894-AEFC-78CC470A20AD}.Debug|Any CPU.ActiveCfg = Debug|Any CPU
		{2EAA4DD4-1B99-4894-AEFC-78CC470A20AD}.Debug|Any CPU.Build.0 = Debug|Any CPU
		{2EAA4DD4-1B99-4894-AEFC-78CC470A20AD}.Release|Any CPU.ActiveCfg = Release|Any CPU
		{2EAA4DD4-1B99-4894-AEFC-78CC470A20AD}.Release|Any CPU.Build.0 = Release|Any CPU
	EndGlobalSection
	GlobalSection(SolutionProperties) = preSolution
		HideSolutionNode = FALSE
	EndGlobalSection
	GlobalSection(NestedProjects) = preSolution
		{A80D064D-4723-44A7-BCB6-E69886EA80C7} = {D3D4522D-D179-447F-A6C0-0CB6954EB151}
	EndGlobalSection
	GlobalSection(ExtensibilityGlobals) = postSolution
		SolutionGuid = {27002BA0-C796-46F1-8CBE-C0D19CF2D21D}
	EndGlobalSection
EndGlobal
